
Microsoft Visual Studio Solution File, Format Version 12.00
# Visual Studio 15
VisualStudioVersion = 15.0.27703.2042
MinimumVisualStudioVersion = 10.0.40219.1
Project("{FAE04EC0-301F-11D3-BF4B-00C04F79EFBC}") = "Model", "Model\Model.csproj", "{0B8E111E-1E17-4F4F-B3EC-2DA0C301C56F}"
EndProject
Project("{FAE04EC0-301F-11D3-BF4B-00C04F79EFBC}") = "Business", "Business\Business.csproj", "{CE4E8A3C-0775-498F-94DE-7FA65EC86CB1}"
EndProject
Project("{FAE04EC0-301F-11D3-BF4B-00C04F79EFBC}") = "DataAccess", "DataAccess\DataAccess.csproj", "{EB2F68DA-0C8A-402B-B261-4BEF825613F2}"
EndProject
Project("{FAE04EC0-301F-11D3-BF4B-00C04F79EFBC}") = "Gui", "Gui\Gui.csproj", "{415987C8-7AEC-498C-92AF-237F82E30763}"
EndProject
Global
	GlobalSection(SolutionConfigurationPlatforms) = preSolution
		Debug|Any CPU = Debug|Any CPU
		Release|Any CPU = Release|Any CPU
	EndGlobalSection
	GlobalSection(ProjectConfigurationPlatforms) = postSolution
		{0B8E111E-1E17-4F4F-B3EC-2DA0C301C56F}.Debug|Any CPU.ActiveCfg = Debug|Any CPU
		{0B8E111E-1E17-4F4F-B3EC-2DA0C301C56F}.Debug|Any CPU.Build.0 = Debug|Any CPU
		{0B8E111E-1E17-4F4F-B3EC-2DA0C301C56F}.Release|Any CPU.ActiveCfg = Release|Any CPU
		{0B8E111E-1E17-4F4F-B3EC-2DA0C301C56F}.Release|Any CPU.Build.0 = Release|Any CPU
		{CE4E8A3C-0775-498F-94DE-7FA65EC86CB1}.Debug|Any CPU.ActiveCfg = Debug|Any CPU
		{CE4E8A3C-0775-498F-94DE-7FA65EC86CB1}.Debug|Any CPU.Build.0 = Debug|Any CPU
		{CE4E8A3C-0775-498F-94DE-7FA65EC86CB1}.Release|Any CPU.ActiveCfg = Release|Any CPU
		{CE4E8A3C-0775-498F-94DE-7FA65EC86CB1}.Release|Any CPU.Build.0 = Release|Any CPU
		{EB2F68DA-0C8A-402B-B261-4BEF825613F2}.Debug|Any CPU.ActiveCfg = Debug|Any CPU
		{EB2F68DA-0C8A-402B-B261-4BEF825613F2}.Debug|Any CPU.Build.0 = Debug|Any CPU
		{EB2F68DA-0C8A-402B-B261-4BEF825613F2}.Release|Any CPU.ActiveCfg = Release|Any CPU
		{EB2F68DA-0C8A-402B-B261-4BEF825613F2}.Release|Any CPU.Build.0 = Release|Any CPU
		{415987C8-7AEC-498C-92AF-237F82E30763}.Debug|Any CPU.ActiveCfg = Debug|Any CPU
		{415987C8-7AEC-498C-92AF-237F82E30763}.Debug|Any CPU.Build.0 = Debug|Any CPU
		{415987C8-7AEC-498C-92AF-237F82E30763}.Release|Any CPU.ActiveCfg = Release|Any CPU
		{415987C8-7AEC-498C-92AF-237F82E30763}.Release|Any CPU.Build.0 = Release|Any CPU
	EndGlobalSection
	GlobalSection(SolutionProperties) = preSolution
		HideSolutionNode = FALSE
	EndGlobalSection
	GlobalSection(ExtensibilityGlobals) = postSolution
		SolutionGuid = {E23D7F8D-2C62-4D84-A2BA-2B45D98DA39E}
	EndGlobalSection
EndGlobal
